
Microsoft Visual Studio Solution File, Format Version 12.00
# Visual Studio Version 17
VisualStudioVersion = 17.9.34728.123
MinimumVisualStudioVersion = 10.0.40219.1
Project("{FAE04EC0-301F-11D3-BF4B-00C04F79EFBC}") = "AutosaveClipboard", "AutosaveClipboard\AutosaveClipboard.csproj", "{21A70195-86AB-43AB-8681-BC8113AEA8D0}"
EndProject
Global
	GlobalSection(SolutionConfigurationPlatforms) = preSolution
		Debug|Any CPU = Debug|Any CPU
		Release|Any CPU = Release|Any CPU
	EndGlobalSection
	GlobalSection(ProjectConfigurationPlatforms) = postSolution
		{21A70195-86AB-43AB-8681-BC8113AEA8D0}.Debug|Any CPU.ActiveCfg = Debug|Any CPU
		{21A70195-86AB-43AB-8681-BC8113AEA8D0}.Debug|Any CPU.Build.0 = Debug|Any CPU
		{21A70195-86AB-43AB-8681-BC8113AEA8D0}.Release|Any CPU.ActiveCfg = Release|Any CPU
		{21A70195-86AB-43AB-8681-BC8113AEA8D0}.Release|Any CPU.Build.0 = Release|Any CPU
	EndGlobalSection
	GlobalSection(SolutionProperties) = preSolution
		HideSolutionNode = FALSE
	EndGlobalSection
	GlobalSection(ExtensibilityGlobals) = postSolution
		SolutionGuid = {E6BA8FEF-FACB-4871-AAB7-758F7FD556CC}
	EndGlobalSection
EndGlobal
